
Microsoft Visual Studio Solution File, Format Version 12.00
Project("{FAE04EC0-301F-11D3-BF4B-00C04F79EFBC}") = "API", "API\API.csproj", "{724E157A-63B0-47A7-BFA6-06C8A6362380}"
EndProject
Project("{2150E333-8FDC-42A3-9474-1A3956D46DE8}") = "Solution Items", "Solution Items", "{62823B18-A5BA-41D6-A42C-772E906D9022}"
	ProjectSection(SolutionItems) = preProject
		compose.yaml = compose.yaml
	EndProjectSection
EndProject
Project("{FAE04EC0-301F-11D3-BF4B-00C04F79EFBC}") = "Tests", "Tests\Tests.csproj", "{36625CEC-EC7E-40BD-A14C-36AC9D434DAE}"
EndProject
Global
	GlobalSection(SolutionConfigurationPlatforms) = preSolution
		Debug|Any CPU = Debug|Any CPU
		Release|Any CPU = Release|Any CPU
	EndGlobalSection
	GlobalSection(ProjectConfigurationPlatforms) = postSolution
		{724E157A-63B0-47A7-BFA6-06C8A6362380}.Debug|Any CPU.ActiveCfg = Debug|Any CPU
		{724E157A-63B0-47A7-BFA6-06C8A6362380}.Debug|Any CPU.Build.0 = Debug|Any CPU
		{724E157A-63B0-47A7-BFA6-06C8A6362380}.Release|Any CPU.ActiveCfg = Release|Any CPU
		{724E157A-63B0-47A7-BFA6-06C8A6362380}.Release|Any CPU.Build.0 = Release|Any CPU
		{36625CEC-EC7E-40BD-A14C-36AC9D434DAE}.Debug|Any CPU.ActiveCfg = Debug|Any CPU
		{36625CEC-EC7E-40BD-A14C-36AC9D434DAE}.Debug|Any CPU.Build.0 = Debug|Any CPU
		{36625CEC-EC7E-40BD-A14C-36AC9D434DAE}.Release|Any CPU.ActiveCfg = Release|Any CPU
		{36625CEC-EC7E-40BD-A14C-36AC9D434DAE}.Release|Any CPU.Build.0 = Release|Any CPU
	EndGlobalSection
EndGlobal
